<?xml version="1.0" encoding="UTF-8"?>
<Project ToolsVersion="4.0" xmlns="http://schemas.microsoft.com/developer/msbuild/2003">
  <ItemGroup>
    <ClCompile Include="..\LightCal\SMU.cpp">
      <Filter>Source Files</Filter>
    </ClCompile>
    <ClCompile Include="..\LightCal\CalManager.cpp">
      <Filter>Source Files</Filter>
    </ClCompile>
    <ClCompile Include="..\LightCal\PsReceiveParse.cpp">
      <Filter>Source Files</Filter>
    </ClCompile>
    <ClCompile Include="..\LightCal\OvpTest.cpp">
      <Filter>Source Files</Filter>
    </ClCompile>
    <ClCompile Include="..\LightCal\PsRemoteControl.cpp">
      <Filter>Source Files</Filter>
    </ClCompile>
    <ClCompile Include="..\LightCal\ftdi.cpp">
      <Filter>Source Files</Filter>
    </ClCompile>
    <ClCompile Include="..\LightCal\StartStop.cpp">
      <Filter>Source Files</Filter>
    </ClCompile>
    <ClCompile Include="..\LightCal\main.cpp">
      <Filter>Source Files</Filter>
    </ClCompile>
    <ClCompile Include="PsRemoteControl_autogen\moc_compilation.cpp">
      <Filter>Source Files</Filter>
    </ClCompile>
  </ItemGroup>
  <ItemGroup>
    <ClInclude Include="..\LightCal\CalManager.h">
      <Filter>Header Files</Filter>
    </ClInclude>
    <ClInclude Include="..\LightCal\ftdi.h">
      <Filter>Header Files</Filter>
    </ClInclude>
    <ClInclude Include="..\LightCal\SMU.h">
      <Filter>Header Files</Filter>
    </ClInclude>
    <ClInclude Include="..\LightCal\OvpTest.h">
      <Filter>Header Files</Filter>
    </ClInclude>
    <ClInclude Include="..\LightCal\PsRemoteControl.h">
      <Filter>Header Files</Filter>
    </ClInclude>
    <ClInclude Include="..\LightCal\StartStop.h">
      <Filter>Header Files</Filter>
    </ClInclude>
    <ClInclude Include="..\LightCal\PsReceiveParse.h">
      <Filter>Header Files</Filter>
    </ClInclude>
    <ClInclude Include="ui_server_ui.h">
      <Filter>Header Files</Filter>
    </ClInclude>
  </ItemGroup>
  <ItemGroup>
    <CustomBuild Include="..\LightCal\CMakeLists.txt" />
    <CustomBuild Include="..\LightCal\server_ui.ui" />
  </ItemGroup>
  <ItemGroup>
    <Filter Include="Source Files">
      <UniqueIdentifier>{60E7739D-91BA-3EC4-B1D6-B703DBC17E0D}</UniqueIdentifier>
    </Filter>
    <Filter Include="Header Files">
      <UniqueIdentifier>{A5E252CD-D0A4-324F-BF15-EE0C4FF5C804}</UniqueIdentifier>
    </Filter>
  </ItemGroup>
</Project>
