Microsoft Visual Studio Solution File, Format Version 11.00
# Visual C++ Express 2010
Project("{8BC9CEB8-8B4A-11D0-8D11-00A0C91BC942}") = "ALL_BUILD", "ALL_BUILD.vcxproj", "{0A78F868-FD77-3A2E-BCFE-0FA190D4B1A3}"
	ProjectSection(ProjectDependencies) = postProject
		{6EC9E9FF-34E9-38AE-8077-EFCBEB47DCDA} = {6EC9E9FF-34E9-38AE-8077-EFCBEB47DCDA}
		{C15751D2-5B9F-339F-8F6B-099F47E25F82} = {C15751D2-5B9F-339F-8F6B-099F47E25F82}
		{03F6595C-4AB4-31E7-B894-A34687064582} = {03F6595C-4AB4-31E7-B894-A34687064582}
		{90D9BF64-72BA-3E24-A70C-32A2D226BB8D} = {90D9BF64-72BA-3E24-A70C-32A2D226BB8D}
	EndProjectSection
EndProject
Project("{8BC9CEB8-8B4A-11D0-8D11-00A0C91BC942}") = "FTDI", "FTDI.vcxproj", "{6EC9E9FF-34E9-38AE-8077-EFCBEB47DCDA}"
	ProjectSection(ProjectDependencies) = postProject
		{90D9BF64-72BA-3E24-A70C-32A2D226BB8D} = {90D9BF64-72BA-3E24-A70C-32A2D226BB8D}
	EndProjectSection
EndProject
Project("{8BC9CEB8-8B4A-11D0-8D11-00A0C91BC942}") = "INSTALL", "INSTALL.vcxproj", "{89EF8897-FD49-3CB4-B51A-21E4CE74BCFB}"
	ProjectSection(ProjectDependencies) = postProject
		{0A78F868-FD77-3A2E-BCFE-0FA190D4B1A3} = {0A78F868-FD77-3A2E-BCFE-0FA190D4B1A3}
		{90D9BF64-72BA-3E24-A70C-32A2D226BB8D} = {90D9BF64-72BA-3E24-A70C-32A2D226BB8D}
	EndProjectSection
EndProject
Project("{8BC9CEB8-8B4A-11D0-8D11-00A0C91BC942}") = "PACKAGE", "PACKAGE.vcxproj", "{01F37318-B67A-3A75-90D2-4E574E50ECEC}"
	ProjectSection(ProjectDependencies) = postProject
		{0A78F868-FD77-3A2E-BCFE-0FA190D4B1A3} = {0A78F868-FD77-3A2E-BCFE-0FA190D4B1A3}
		{90D9BF64-72BA-3E24-A70C-32A2D226BB8D} = {90D9BF64-72BA-3E24-A70C-32A2D226BB8D}
	EndProjectSection
EndProject
Project("{8BC9CEB8-8B4A-11D0-8D11-00A0C91BC942}") = "PsRemoteControl", "PsRemoteControl.vcxproj", "{C15751D2-5B9F-339F-8F6B-099F47E25F82}"
	ProjectSection(ProjectDependencies) = postProject
		{90D9BF64-72BA-3E24-A70C-32A2D226BB8D} = {90D9BF64-72BA-3E24-A70C-32A2D226BB8D}
	EndProjectSection
EndProject
Project("{8BC9CEB8-8B4A-11D0-8D11-00A0C91BC942}") = "VISA", "VISA.vcxproj", "{03F6595C-4AB4-31E7-B894-A34687064582}"
	ProjectSection(ProjectDependencies) = postProject
		{90D9BF64-72BA-3E24-A70C-32A2D226BB8D} = {90D9BF64-72BA-3E24-A70C-32A2D226BB8D}
	EndProjectSection
EndProject
Project("{8BC9CEB8-8B4A-11D0-8D11-00A0C91BC942}") = "ZERO_CHECK", "ZERO_CHECK.vcxproj", "{90D9BF64-72BA-3E24-A70C-32A2D226BB8D}"
	ProjectSection(ProjectDependencies) = postProject
	EndProjectSection
EndProject
Global
	GlobalSection(SolutionConfigurationPlatforms) = preSolution
		Debug|Win32 = Debug|Win32
		Release|Win32 = Release|Win32
		MinSizeRel|Win32 = MinSizeRel|Win32
		RelWithDebInfo|Win32 = RelWithDebInfo|Win32
	EndGlobalSection
	GlobalSection(ProjectConfigurationPlatforms) = postSolution
		{0A78F868-FD77-3A2E-BCFE-0FA190D4B1A3}.Debug|Win32.ActiveCfg = Debug|Win32
		{0A78F868-FD77-3A2E-BCFE-0FA190D4B1A3}.Debug|Win32.Build.0 = Debug|Win32
		{0A78F868-FD77-3A2E-BCFE-0FA190D4B1A3}.Release|Win32.ActiveCfg = Release|Win32
		{0A78F868-FD77-3A2E-BCFE-0FA190D4B1A3}.Release|Win32.Build.0 = Release|Win32
		{0A78F868-FD77-3A2E-BCFE-0FA190D4B1A3}.MinSizeRel|Win32.ActiveCfg = MinSizeRel|Win32
		{0A78F868-FD77-3A2E-BCFE-0FA190D4B1A3}.MinSizeRel|Win32.Build.0 = MinSizeRel|Win32
		{0A78F868-FD77-3A2E-BCFE-0FA190D4B1A3}.RelWithDebInfo|Win32.ActiveCfg = RelWithDebInfo|Win32
		{0A78F868-FD77-3A2E-BCFE-0FA190D4B1A3}.RelWithDebInfo|Win32.Build.0 = RelWithDebInfo|Win32
		{6EC9E9FF-34E9-38AE-8077-EFCBEB47DCDA}.Debug|Win32.ActiveCfg = Debug|Win32
		{6EC9E9FF-34E9-38AE-8077-EFCBEB47DCDA}.Debug|Win32.Build.0 = Debug|Win32
		{6EC9E9FF-34E9-38AE-8077-EFCBEB47DCDA}.Release|Win32.ActiveCfg = Release|Win32
		{6EC9E9FF-34E9-38AE-8077-EFCBEB47DCDA}.Release|Win32.Build.0 = Release|Win32
		{6EC9E9FF-34E9-38AE-8077-EFCBEB47DCDA}.MinSizeRel|Win32.ActiveCfg = MinSizeRel|Win32
		{6EC9E9FF-34E9-38AE-8077-EFCBEB47DCDA}.MinSizeRel|Win32.Build.0 = MinSizeRel|Win32
		{6EC9E9FF-34E9-38AE-8077-EFCBEB47DCDA}.RelWithDebInfo|Win32.ActiveCfg = RelWithDebInfo|Win32
		{6EC9E9FF-34E9-38AE-8077-EFCBEB47DCDA}.RelWithDebInfo|Win32.Build.0 = RelWithDebInfo|Win32
		{89EF8897-FD49-3CB4-B51A-21E4CE74BCFB}.Debug|Win32.ActiveCfg = Debug|Win32
		{89EF8897-FD49-3CB4-B51A-21E4CE74BCFB}.Release|Win32.ActiveCfg = Release|Win32
		{89EF8897-FD49-3CB4-B51A-21E4CE74BCFB}.MinSizeRel|Win32.ActiveCfg = MinSizeRel|Win32
		{89EF8897-FD49-3CB4-B51A-21E4CE74BCFB}.RelWithDebInfo|Win32.ActiveCfg = RelWithDebInfo|Win32
		{01F37318-B67A-3A75-90D2-4E574E50ECEC}.Debug|Win32.ActiveCfg = Debug|Win32
		{01F37318-B67A-3A75-90D2-4E574E50ECEC}.Release|Win32.ActiveCfg = Release|Win32
		{01F37318-B67A-3A75-90D2-4E574E50ECEC}.MinSizeRel|Win32.ActiveCfg = MinSizeRel|Win32
		{01F37318-B67A-3A75-90D2-4E574E50ECEC}.RelWithDebInfo|Win32.ActiveCfg = RelWithDebInfo|Win32
		{C15751D2-5B9F-339F-8F6B-099F47E25F82}.Debug|Win32.ActiveCfg = Debug|Win32
		{C15751D2-5B9F-339F-8F6B-099F47E25F82}.Debug|Win32.Build.0 = Debug|Win32
		{C15751D2-5B9F-339F-8F6B-099F47E25F82}.Release|Win32.ActiveCfg = Release|Win32
		{C15751D2-5B9F-339F-8F6B-099F47E25F82}.Release|Win32.Build.0 = Release|Win32
		{C15751D2-5B9F-339F-8F6B-099F47E25F82}.MinSizeRel|Win32.ActiveCfg = MinSizeRel|Win32
		{C15751D2-5B9F-339F-8F6B-099F47E25F82}.MinSizeRel|Win32.Build.0 = MinSizeRel|Win32
		{C15751D2-5B9F-339F-8F6B-099F47E25F82}.RelWithDebInfo|Win32.ActiveCfg = RelWithDebInfo|Win32
		{C15751D2-5B9F-339F-8F6B-099F47E25F82}.RelWithDebInfo|Win32.Build.0 = RelWithDebInfo|Win32
		{03F6595C-4AB4-31E7-B894-A34687064582}.Debug|Win32.ActiveCfg = Debug|Win32
		{03F6595C-4AB4-31E7-B894-A34687064582}.Debug|Win32.Build.0 = Debug|Win32
		{03F6595C-4AB4-31E7-B894-A34687064582}.Release|Win32.ActiveCfg = Release|Win32
		{03F6595C-4AB4-31E7-B894-A34687064582}.Release|Win32.Build.0 = Release|Win32
		{03F6595C-4AB4-31E7-B894-A34687064582}.MinSizeRel|Win32.ActiveCfg = MinSizeRel|Win32
		{03F6595C-4AB4-31E7-B894-A34687064582}.MinSizeRel|Win32.Build.0 = MinSizeRel|Win32
		{03F6595C-4AB4-31E7-B894-A34687064582}.RelWithDebInfo|Win32.ActiveCfg = RelWithDebInfo|Win32
		{03F6595C-4AB4-31E7-B894-A34687064582}.RelWithDebInfo|Win32.Build.0 = RelWithDebInfo|Win32
		{90D9BF64-72BA-3E24-A70C-32A2D226BB8D}.Debug|Win32.ActiveCfg = Debug|Win32
		{90D9BF64-72BA-3E24-A70C-32A2D226BB8D}.Debug|Win32.Build.0 = Debug|Win32
		{90D9BF64-72BA-3E24-A70C-32A2D226BB8D}.Release|Win32.ActiveCfg = Release|Win32
		{90D9BF64-72BA-3E24-A70C-32A2D226BB8D}.Release|Win32.Build.0 = Release|Win32
		{90D9BF64-72BA-3E24-A70C-32A2D226BB8D}.MinSizeRel|Win32.ActiveCfg = MinSizeRel|Win32
		{90D9BF64-72BA-3E24-A70C-32A2D226BB8D}.MinSizeRel|Win32.Build.0 = MinSizeRel|Win32
		{90D9BF64-72BA-3E24-A70C-32A2D226BB8D}.RelWithDebInfo|Win32.ActiveCfg = RelWithDebInfo|Win32
		{90D9BF64-72BA-3E24-A70C-32A2D226BB8D}.RelWithDebInfo|Win32.Build.0 = RelWithDebInfo|Win32
	EndGlobalSection
	GlobalSection(ExtensibilityGlobals) = postSolution
	EndGlobalSection
	GlobalSection(ExtensibilityAddIns) = postSolution
	EndGlobalSection
EndGlobal
